
Microsoft Visual Studio Solution File, Format Version 12.00
# Visual Studio Version 16
VisualStudioVersion = 16.0.30621.155
MinimumVisualStudioVersion = 10.0.40219.1
Project("{9A19103F-16F7-4668-BE54-9A1E7A4F7556}") = "ConsoleApp1", "ConsoleApp1\ConsoleApp1.csproj", "{D126AEF4-0A7B-4DA2-B028-0F17F4BF4EA5}"
EndProject
Project("{2150E333-8FDC-42A3-9474-1A3956D46DE8}") = "Solution Items", "Solution Items", "{9E44D0B9-CC0F-4CCB-AA3C-3CD3102B8F62}"
EndProject
Global
	GlobalSection(SolutionConfigurationPlatforms) = preSolution
		Debug|Any CPU = Debug|Any CPU
		Release|Any CPU = Release|Any CPU
	EndGlobalSection
	GlobalSection(ProjectConfigurationPlatforms) = postSolution
		{D126AEF4-0A7B-4DA2-B028-0F17F4BF4EA5}.Debug|Any CPU.ActiveCfg = Debug|Any CPU
		{D126AEF4-0A7B-4DA2-B028-0F17F4BF4EA5}.Debug|Any CPU.Build.0 = Debug|Any CPU
		{D126AEF4-0A7B-4DA2-B028-0F17F4BF4EA5}.Release|Any CPU.ActiveCfg = Release|Any CPU
		{D126AEF4-0A7B-4DA2-B028-0F17F4BF4EA5}.Release|Any CPU.Build.0 = Release|Any CPU
	EndGlobalSection
	GlobalSection(SolutionProperties) = preSolution
		HideSolutionNode = FALSE
	EndGlobalSection
	GlobalSection(ExtensibilityGlobals) = postSolution
		SolutionGuid = {DBB565B8-A358-43EE-8858-5EB493BF029A}
	EndGlobalSection
EndGlobal
